
Microsoft Visual Studio Solution File, Format Version 12.00
# Visual Studio Version 17
VisualStudioVersion = 17.13.35828.75
MinimumVisualStudioVersion = 10.0.40219.1
Project("{FAE04EC0-301F-11D3-BF4B-00C04F79EFBC}") = "Magnets", "Magnets\Magnets.csproj", "{8818ED1C-E224-440D-ACA3-8FE48CA3A607}"
EndProject
Project("{FAE04EC0-301F-11D3-BF4B-00C04F79EFBC}") = "SensorSimulator", "SensorSimulator\SensorSimulator.csproj", "{F3B3802A-B37E-403D-9693-5B899CDFA26E}"
EndProject
Global
	GlobalSection(SolutionConfigurationPlatforms) = preSolution
		Debug|Any CPU = Debug|Any CPU
		Release|Any CPU = Release|Any CPU
	EndGlobalSection
	GlobalSection(ProjectConfigurationPlatforms) = postSolution
		{8818ED1C-E224-440D-ACA3-8FE48CA3A607}.Debug|Any CPU.ActiveCfg = Debug|Any CPU
		{8818ED1C-E224-440D-ACA3-8FE48CA3A607}.Debug|Any CPU.Build.0 = Debug|Any CPU
		{8818ED1C-E224-440D-ACA3-8FE48CA3A607}.Release|Any CPU.ActiveCfg = Release|Any CPU
		{8818ED1C-E224-440D-ACA3-8FE48CA3A607}.Release|Any CPU.Build.0 = Release|Any CPU
		{F3B3802A-B37E-403D-9693-5B899CDFA26E}.Debug|Any CPU.ActiveCfg = Debug|Any CPU
		{F3B3802A-B37E-403D-9693-5B899CDFA26E}.Debug|Any CPU.Build.0 = Debug|Any CPU
		{F3B3802A-B37E-403D-9693-5B899CDFA26E}.Release|Any CPU.ActiveCfg = Release|Any CPU
		{F3B3802A-B37E-403D-9693-5B899CDFA26E}.Release|Any CPU.Build.0 = Release|Any CPU
	EndGlobalSection
	GlobalSection(SolutionProperties) = preSolution
		HideSolutionNode = FALSE
	EndGlobalSection
	GlobalSection(ExtensibilityGlobals) = postSolution
		SolutionGuid = {E604D22B-C463-4855-BA1A-BE6360FC7F94}
	EndGlobalSection
EndGlobal
